
Microsoft Visual Studio Solution File, Format Version 12.00
# Visual Studio Version 17
VisualStudioVersion = 17.5.002.0
MinimumVisualStudioVersion = 10.0.40219.1
Project("{9A19103F-16F7-4668-BE54-9A1E7A4F7556}") = "program005-min-max", "program005-min-max.csproj", "{100550A7-3053-406C-A44A-E5EADBF0E463}"
EndProject
Global
	GlobalSection(SolutionConfigurationPlatforms) = preSolution
		Debug|Any CPU = Debug|Any CPU
		Release|Any CPU = Release|Any CPU
	EndGlobalSection
	GlobalSection(ProjectConfigurationPlatforms) = postSolution
		{100550A7-3053-406C-A44A-E5EADBF0E463}.Debug|Any CPU.ActiveCfg = Debug|Any CPU
		{100550A7-3053-406C-A44A-E5EADBF0E463}.Debug|Any CPU.Build.0 = Debug|Any CPU
		{100550A7-3053-406C-A44A-E5EADBF0E463}.Release|Any CPU.ActiveCfg = Release|Any CPU
		{100550A7-3053-406C-A44A-E5EADBF0E463}.Release|Any CPU.Build.0 = Release|Any CPU
	EndGlobalSection
	GlobalSection(SolutionProperties) = preSolution
		HideSolutionNode = FALSE
	EndGlobalSection
	GlobalSection(ExtensibilityGlobals) = postSolution
		SolutionGuid = {E86138A0-3F40-478B-A001-5DA4C45B1D49}
	EndGlobalSection
EndGlobal
