
Microsoft Visual Studio Solution File, Format Version 12.00
# Visual Studio Version 17
VisualStudioVersion = 17.5.002.0
MinimumVisualStudioVersion = 10.0.40219.1
Project("{9A19103F-16F7-4668-BE54-9A1E7A4F7556}") = "program000b-zakladni-generator", "program000b-zakladni-generator.csproj", "{24932227-6624-40F3-9DC0-C25A2E97EA33}"
EndProject
Global
	GlobalSection(SolutionConfigurationPlatforms) = preSolution
		Debug|Any CPU = Debug|Any CPU
		Release|Any CPU = Release|Any CPU
	EndGlobalSection
	GlobalSection(ProjectConfigurationPlatforms) = postSolution
		{24932227-6624-40F3-9DC0-C25A2E97EA33}.Debug|Any CPU.ActiveCfg = Debug|Any CPU
		{24932227-6624-40F3-9DC0-C25A2E97EA33}.Debug|Any CPU.Build.0 = Debug|Any CPU
		{24932227-6624-40F3-9DC0-C25A2E97EA33}.Release|Any CPU.ActiveCfg = Release|Any CPU
		{24932227-6624-40F3-9DC0-C25A2E97EA33}.Release|Any CPU.Build.0 = Release|Any CPU
	EndGlobalSection
	GlobalSection(SolutionProperties) = preSolution
		HideSolutionNode = FALSE
	EndGlobalSection
	GlobalSection(ExtensibilityGlobals) = postSolution
		SolutionGuid = {EA3E2074-2642-41B3-A9FF-BD190431F2DA}
	EndGlobalSection
EndGlobal
