
Microsoft Visual Studio Solution File, Format Version 12.00
# Visual Studio Version 17
VisualStudioVersion = 17.5.002.0
MinimumVisualStudioVersion = 10.0.40219.1
Project("{9A19103F-16F7-4668-BE54-9A1E7A4F7556}") = "program003a-obdelnik", "program003a-obdelnik.csproj", "{E0A91BDA-135A-4267-8B08-A4AAB2CDA580}"
EndProject
Global
	GlobalSection(SolutionConfigurationPlatforms) = preSolution
		Debug|Any CPU = Debug|Any CPU
		Release|Any CPU = Release|Any CPU
	EndGlobalSection
	GlobalSection(ProjectConfigurationPlatforms) = postSolution
		{E0A91BDA-135A-4267-8B08-A4AAB2CDA580}.Debug|Any CPU.ActiveCfg = Debug|Any CPU
		{E0A91BDA-135A-4267-8B08-A4AAB2CDA580}.Debug|Any CPU.Build.0 = Debug|Any CPU
		{E0A91BDA-135A-4267-8B08-A4AAB2CDA580}.Release|Any CPU.ActiveCfg = Release|Any CPU
		{E0A91BDA-135A-4267-8B08-A4AAB2CDA580}.Release|Any CPU.Build.0 = Release|Any CPU
	EndGlobalSection
	GlobalSection(SolutionProperties) = preSolution
		HideSolutionNode = FALSE
	EndGlobalSection
	GlobalSection(ExtensibilityGlobals) = postSolution
		SolutionGuid = {D4283DF5-FB22-4322-A8B3-6F81B13DC609}
	EndGlobalSection
EndGlobal
